
Microsoft Visual Studio Solution File, Format Version 12.00
# Visual Studio 15
VisualStudioVersion = 15.0.28307.572
MinimumVisualStudioVersion = 10.0.40219.1
Project("{FAE04EC0-301F-11D3-BF4B-00C04F79EFBC}") = "ListViewXamarin.Android", "ListViewXamarin\ListViewXamarin.Android\ListViewXamarin.Android.csproj", "{E8B3B5B0-5420-4098-9CD9-6431139FFD71}"
EndProject
Project("{FAE04EC0-301F-11D3-BF4B-00C04F79EFBC}") = "ListViewXamarin.iOS", "ListViewXamarin\ListViewXamarin.iOS\ListViewXamarin.iOS.csproj", "{F3846D5B-C5D1-4652-B323-4352ABF2130B}"
EndProject
Project("{FAE04EC0-301F-11D3-BF4B-00C04F79EFBC}") = "ListViewXamarin.UWP", "ListViewXamarin\ListViewXamarin.UWP\ListViewXamarin.UWP.csproj", "{14CA1356-A16C-4AEC-ACDA-9BF904AA3273}"
EndProject
Project("{FAE04EC0-301F-11D3-BF4B-00C04F79EFBC}") = "ListViewXamarin", "ListViewXamarin\ListViewXamarin\ListViewXamarin.csproj", "{162435A4-FB43-4CF8-90A6-D17E78EFF2EF}"
EndProject
Global
	GlobalSection(SolutionConfigurationPlatforms) = preSolution
		Ad-Hoc|Any CPU = Ad-Hoc|Any CPU
		Ad-Hoc|ARM = Ad-Hoc|ARM
		Ad-Hoc|iPhone = Ad-Hoc|iPhone
		Ad-Hoc|iPhoneSimulator = Ad-Hoc|iPhoneSimulator
		Ad-Hoc|x64 = Ad-Hoc|x64
		Ad-Hoc|x86 = Ad-Hoc|x86
		AppStore|Any CPU = AppStore|Any CPU
		AppStore|ARM = AppStore|ARM
		AppStore|iPhone = AppStore|iPhone
		AppStore|iPhoneSimulator = AppStore|iPhoneSimulator
		AppStore|x64 = AppStore|x64
		AppStore|x86 = AppStore|x86
		Debug|Any CPU = Debug|Any CPU
		Debug|ARM = Debug|ARM
		Debug|iPhone = Debug|iPhone
		Debug|iPhoneSimulator = Debug|iPhoneSimulator
		Debug|x64 = Debug|x64
		Debug|x86 = Debug|x86
		Release|Any CPU = Release|Any CPU
		Release|ARM = Release|ARM
		Release|iPhone = Release|iPhone
		Release|iPhoneSimulator = Release|iPhoneSimulator
		Release|x64 = Release|x64
		Release|x86 = Release|x86
	EndGlobalSection
	GlobalSection(ProjectConfigurationPlatforms) = postSolution
		{E8B3B5B0-5420-4098-9CD9-6431139FFD71}.Ad-Hoc|Any CPU.ActiveCfg = Release|Any CPU
		{E8B3B5B0-5420-4098-9CD9-6431139FFD71}.Ad-Hoc|Any CPU.Build.0 = Release|Any CPU
		{E8B3B5B0-5420-4098-9CD9-6431139FFD71}.Ad-Hoc|Any CPU.Deploy.0 = Release|Any CPU
		{E8B3B5B0-5420-4098-9CD9-6431139FFD71}.Ad-Hoc|ARM.ActiveCfg = Release|Any CPU
		{E8B3B5B0-5420-4098-9CD9-6431139FFD71}.Ad-Hoc|ARM.Build.0 = Release|Any CPU
		{E8B3B5B0-5420-4098-9CD9-6431139FFD71}.Ad-Hoc|ARM.Deploy.0 = Release|Any CPU
		{E8B3B5B0-5420-4098-9CD9-6431139FFD71}.Ad-Hoc|iPhone.ActiveCfg = Release|Any CPU
		{E8B3B5B0-5420-4098-9CD9-6431139FFD71}.Ad-Hoc|iPhone.Build.0 = Release|Any CPU
		{E8B3B5B0-5420-4098-9CD9-6431139FFD71}.Ad-Hoc|iPhone.Deploy.0 = Release|Any CPU
		{E8B3B5B0-5420-4098-9CD9-6431139FFD71}.Ad-Hoc|iPhoneSimulator.ActiveCfg = Release|Any CPU
		{E8B3B5B0-5420-4098-9CD9-6431139FFD71}.Ad-Hoc|iPhoneSimulator.Build.0 = Release|Any CPU
		{E8B3B5B0-5420-4098-9CD9-6431139FFD71}.Ad-Hoc|iPhoneSimulator.Deploy.0 = Release|Any CPU
		{E8B3B5B0-5420-4098-9CD9-6431139FFD71}.Ad-Hoc|x64.ActiveCfg = Release|Any CPU
		{E8B3B5B0-5420-4098-9CD9-6431139FFD71}.Ad-Hoc|x64.Build.0 = Release|Any CPU
		{E8B3B5B0-5420-4098-9CD9-6431139FFD71}.Ad-Hoc|x64.Deploy.0 = Release|Any CPU
		{E8B3B5B0-5420-4098-9CD9-6431139FFD71}.Ad-Hoc|x86.ActiveCfg = Release|Any CPU
		{E8B3B5B0-5420-4098-9CD9-6431139FFD71}.Ad-Hoc|x86.Build.0 = Release|Any CPU
		{E8B3B5B0-5420-4098-9CD9-6431139FFD71}.Ad-Hoc|x86.Deploy.0 = Release|Any CPU
		{E8B3B5B0-5420-4098-9CD9-6431139FFD71}.AppStore|Any CPU.ActiveCfg = Release|Any CPU
		{E8B3B5B0-5420-4098-9CD9-6431139FFD71}.AppStore|Any CPU.Build.0 = Release|Any CPU
		{E8B3B5B0-5420-4098-9CD9-6431139FFD71}.AppStore|Any CPU.Deploy.0 = Release|Any CPU
		{E8B3B5B0-5420-4098-9CD9-6431139FFD71}.AppStore|ARM.ActiveCfg = Release|Any CPU
		{E8B3B5B0-5420-4098-9CD9-6431139FFD71}.AppStore|ARM.Build.0 = Release|Any CPU
		{E8B3B5B0-5420-4098-9CD9-6431139FFD71}.AppStore|ARM.Deploy.0 = Release|Any CPU
		{E8B3B5B0-5420-4098-9CD9-6431139FFD71}.AppStore|iPhone.ActiveCfg = Release|Any CPU
		{E8B3B5B0-5420-4098-9CD9-6431139FFD71}.AppStore|iPhone.Build.0 = Release|Any CPU
		{E8B3B5B0-5420-4098-9CD9-6431139FFD71}.AppStore|iPhone.Deploy.0 = Release|Any CPU
		{E8B3B5B0-5420-4098-9CD9-6431139FFD71}.AppStore|iPhoneSimulator.ActiveCfg = Release|Any CPU
		{E8B3B5B0-5420-4098-9CD9-6431139FFD71}.AppStore|iPhoneSimulator.Build.0 = Release|Any CPU
		{E8B3B5B0-5420-4098-9CD9-6431139FFD71}.AppStore|iPhoneSimulator.Deploy.0 = Release|Any CPU
		{E8B3B5B0-5420-4098-9CD9-6431139FFD71}.AppStore|x64.ActiveCfg = Release|Any CPU
		{E8B3B5B0-5420-4098-9CD9-6431139FFD71}.AppStore|x64.Build.0 = Release|Any CPU
		{E8B3B5B0-5420-4098-9CD9-6431139FFD71}.AppStore|x64.Deploy.0 = Release|Any CPU
		{E8B3B5B0-5420-4098-9CD9-6431139FFD71}.AppStore|x86.ActiveCfg = Release|Any CPU
		{E8B3B5B0-5420-4098-9CD9-6431139FFD71}.AppStore|x86.Build.0 = Release|Any CPU
		{E8B3B5B0-5420-4098-9CD9-6431139FFD71}.AppStore|x86.Deploy.0 = Release|Any CPU
		{E8B3B5B0-5420-4098-9CD9-6431139FFD71}.Debug|Any CPU.ActiveCfg = Debug|Any CPU
		{E8B3B5B0-5420-4098-9CD9-6431139FFD71}.Debug|Any CPU.Build.0 = Debug|Any CPU
		{E8B3B5B0-5420-4098-9CD9-6431139FFD71}.Debug|Any CPU.Deploy.0 = Debug|Any CPU
		{E8B3B5B0-5420-4098-9CD9-6431139FFD71}.Debug|ARM.ActiveCfg = Debug|Any CPU
		{E8B3B5B0-5420-4098-9CD9-6431139FFD71}.Debug|ARM.Build.0 = Debug|Any CPU
		{E8B3B5B0-5420-4098-9CD9-6431139FFD71}.Debug|ARM.Deploy.0 = Debug|Any CPU
		{E8B3B5B0-5420-4098-9CD9-6431139FFD71}.Debug|iPhone.ActiveCfg = Debug|Any CPU
		{E8B3B5B0-5420-4098-9CD9-6431139FFD71}.Debug|iPhone.Build.0 = Debug|Any CPU
		{E8B3B5B0-5420-4098-9CD9-6431139FFD71}.Debug|iPhone.Deploy.0 = Debug|Any CPU
		{E8B3B5B0-5420-4098-9CD9-6431139FFD71}.Debug|iPhoneSimulator.ActiveCfg = Debug|Any CPU
		{E8B3B5B0-5420-4098-9CD9-6431139FFD71}.Debug|iPhoneSimulator.Build.0 = Debug|Any CPU
		{E8B3B5B0-5420-4098-9CD9-6431139FFD71}.Debug|iPhoneSimulator.Deploy.0 = Debug|Any CPU
		{E8B3B5B0-5420-4098-9CD9-6431139FFD71}.Debug|x64.ActiveCfg = Debug|Any CPU
		{E8B3B5B0-5420-4098-9CD9-6431139FFD71}.Debug|x64.Build.0 = Debug|Any CPU
		{E8B3B5B0-5420-4098-9CD9-6431139FFD71}.Debug|x64.Deploy.0 = Debug|Any CPU
		{E8B3B5B0-5420-4098-9CD9-6431139FFD71}.Debug|x86.ActiveCfg = Debug|Any CPU
		{E8B3B5B0-5420-4098-9CD9-6431139FFD71}.Debug|x86.Build.0 = Debug|Any CPU
		{E8B3B5B0-5420-4098-9CD9-6431139FFD71}.Debug|x86.Deploy.0 = Debug|Any CPU
		{E8B3B5B0-5420-4098-9CD9-6431139FFD71}.Release|Any CPU.ActiveCfg = Release|Any CPU
		{E8B3B5B0-5420-4098-9CD9-6431139FFD71}.Release|Any CPU.Build.0 = Release|Any CPU
		{E8B3B5B0-5420-4098-9CD9-6431139FFD71}.Release|Any CPU.Deploy.0 = Release|Any CPU
		{E8B3B5B0-5420-4098-9CD9-6431139FFD71}.Release|ARM.ActiveCfg = Release|Any CPU
		{E8B3B5B0-5420-4098-9CD9-6431139FFD71}.Release|ARM.Build.0 = Release|Any CPU
		{E8B3B5B0-5420-4098-9CD9-6431139FFD71}.Release|ARM.Deploy.0 = Release|Any CPU
		{E8B3B5B0-5420-4098-9CD9-6431139FFD71}.Release|iPhone.ActiveCfg = Release|Any CPU
		{E8B3B5B0-5420-4098-9CD9-6431139FFD71}.Release|iPhone.Build.0 = Release|Any CPU
		{E8B3B5B0-5420-4098-9CD9-6431139FFD71}.Release|iPhone.Deploy.0 = Release|Any CPU
		{E8B3B5B0-5420-4098-9CD9-6431139FFD71}.Release|iPhoneSimulator.ActiveCfg = Release|Any CPU
		{E8B3B5B0-5420-4098-9CD9-6431139FFD71}.Release|iPhoneSimulator.Build.0 = Release|Any CPU
		{E8B3B5B0-5420-4098-9CD9-6431139FFD71}.Release|iPhoneSimulator.Deploy.0 = Release|Any CPU
		{E8B3B5B0-5420-4098-9CD9-6431139FFD71}.Release|x64.ActiveCfg = Release|Any CPU
		{E8B3B5B0-5420-4098-9CD9-6431139FFD71}.Release|x64.Build.0 = Release|Any CPU
		{E8B3B5B0-5420-4098-9CD9-6431139FFD71}.Release|x64.Deploy.0 = Release|Any CPU
		{E8B3B5B0-5420-4098-9CD9-6431139FFD71}.Release|x86.ActiveCfg = Release|Any CPU
		{E8B3B5B0-5420-4098-9CD9-6431139FFD71}.Release|x86.Build.0 = Release|Any CPU
		{E8B3B5B0-5420-4098-9CD9-6431139FFD71}.Release|x86.Deploy.0 = Release|Any CPU
		{F3846D5B-C5D1-4652-B323-4352ABF2130B}.Ad-Hoc|Any CPU.ActiveCfg = Ad-Hoc|iPhone
		{F3846D5B-C5D1-4652-B323-4352ABF2130B}.Ad-Hoc|Any CPU.Build.0 = Ad-Hoc|iPhone
		{F3846D5B-C5D1-4652-B323-4352ABF2130B}.Ad-Hoc|Any CPU.Deploy.0 = Ad-Hoc|iPhone
		{F3846D5B-C5D1-4652-B323-4352ABF2130B}.Ad-Hoc|ARM.ActiveCfg = Ad-Hoc|iPhone
		{F3846D5B-C5D1-4652-B323-4352ABF2130B}.Ad-Hoc|ARM.Build.0 = Ad-Hoc|iPhone
		{F3846D5B-C5D1-4652-B323-4352ABF2130B}.Ad-Hoc|ARM.Deploy.0 = Ad-Hoc|iPhone
		{F3846D5B-C5D1-4652-B323-4352ABF2130B}.Ad-Hoc|iPhone.ActiveCfg = Ad-Hoc|iPhone
		{F3846D5B-C5D1-4652-B323-4352ABF2130B}.Ad-Hoc|iPhone.Build.0 = Ad-Hoc|iPhone
		{F3846D5B-C5D1-4652-B323-4352ABF2130B}.Ad-Hoc|iPhone.Deploy.0 = Ad-Hoc|iPhone
		{F3846D5B-C5D1-4652-B323-4352ABF2130B}.Ad-Hoc|iPhoneSimulator.ActiveCfg = Ad-Hoc|iPhoneSimulator
		{F3846D5B-C5D1-4652-B323-4352ABF2130B}.Ad-Hoc|iPhoneSimulator.Build.0 = Ad-Hoc|iPhoneSimulator
		{F3846D5B-C5D1-4652-B323-4352ABF2130B}.Ad-Hoc|iPhoneSimulator.Deploy.0 = Ad-Hoc|iPhoneSimulator
		{F3846D5B-C5D1-4652-B323-4352ABF2130B}.Ad-Hoc|x64.ActiveCfg = Ad-Hoc|iPhone
		{F3846D5B-C5D1-4652-B323-4352ABF2130B}.Ad-Hoc|x64.Build.0 = Ad-Hoc|iPhone
		{F3846D5B-C5D1-4652-B323-4352ABF2130B}.Ad-Hoc|x64.Deploy.0 = Ad-Hoc|iPhone
		{F3846D5B-C5D1-4652-B323-4352ABF2130B}.Ad-Hoc|x86.ActiveCfg = Ad-Hoc|iPhone
		{F3846D5B-C5D1-4652-B323-4352ABF2130B}.Ad-Hoc|x86.Build.0 = Ad-Hoc|iPhone
		{F3846D5B-C5D1-4652-B323-4352ABF2130B}.Ad-Hoc|x86.Deploy.0 = Ad-Hoc|iPhone
		{F3846D5B-C5D1-4652-B323-4352ABF2130B}.AppStore|Any CPU.ActiveCfg = AppStore|iPhone
		{F3846D5B-C5D1-4652-B323-4352ABF2130B}.AppStore|Any CPU.Build.0 = AppStore|iPhone
		{F3846D5B-C5D1-4652-B323-4352ABF2130B}.AppStore|Any CPU.Deploy.0 = AppStore|iPhone
		{F3846D5B-C5D1-4652-B323-4352ABF2130B}.AppStore|ARM.ActiveCfg = AppStore|iPhone
		{F3846D5B-C5D1-4652-B323-4352ABF2130B}.AppStore|ARM.Build.0 = AppStore|iPhone
		{F3846D5B-C5D1-4652-B323-4352ABF2130B}.AppStore|ARM.Deploy.0 = AppStore|iPhone
		{F3846D5B-C5D1-4652-B323-4352ABF2130B}.AppStore|iPhone.ActiveCfg = AppStore|iPhone
		{F3846D5B-C5D1-4652-B323-4352ABF2130B}.AppStore|iPhone.Build.0 = AppStore|iPhone
		{F3846D5B-C5D1-4652-B323-4352ABF2130B}.AppStore|iPhone.Deploy.0 = AppStore|iPhone
		{F3846D5B-C5D1-4652-B323-4352ABF2130B}.AppStore|iPhoneSimulator.ActiveCfg = AppStore|iPhoneSimulator
		{F3846D5B-C5D1-4652-B323-4352ABF2130B}.AppStore|iPhoneSimulator.Build.0 = AppStore|iPhoneSimulator
		{F3846D5B-C5D1-4652-B323-4352ABF2130B}.AppStore|iPhoneSimulator.Deploy.0 = AppStore|iPhoneSimulator
		{F3846D5B-C5D1-4652-B323-4352ABF2130B}.AppStore|x64.ActiveCfg = AppStore|iPhone
		{F3846D5B-C5D1-4652-B323-4352ABF2130B}.AppStore|x64.Build.0 = AppStore|iPhone
		{F3846D5B-C5D1-4652-B323-4352ABF2130B}.AppStore|x64.Deploy.0 = AppStore|iPhone
		{F3846D5B-C5D1-4652-B323-4352ABF2130B}.AppStore|x86.ActiveCfg = AppStore|iPhone
		{F3846D5B-C5D1-4652-B323-4352ABF2130B}.AppStore|x86.Build.0 = AppStore|iPhone
		{F3846D5B-C5D1-4652-B323-4352ABF2130B}.AppStore|x86.Deploy.0 = AppStore|iPhone
		{F3846D5B-C5D1-4652-B323-4352ABF2130B}.Debug|Any CPU.ActiveCfg = Debug|iPhoneSimulator
		{F3846D5B-C5D1-4652-B323-4352ABF2130B}.Debug|Any CPU.Build.0 = Debug|iPhoneSimulator
		{F3846D5B-C5D1-4652-B323-4352ABF2130B}.Debug|Any CPU.Deploy.0 = Debug|iPhoneSimulator
		{F3846D5B-C5D1-4652-B323-4352ABF2130B}.Debug|ARM.ActiveCfg = Debug|iPhone
		{F3846D5B-C5D1-4652-B323-4352ABF2130B}.Debug|ARM.Build.0 = Debug|iPhone
		{F3846D5B-C5D1-4652-B323-4352ABF2130B}.Debug|ARM.Deploy.0 = Debug|iPhone
		{F3846D5B-C5D1-4652-B323-4352ABF2130B}.Debug|iPhone.ActiveCfg = Debug|iPhone
		{F3846D5B-C5D1-4652-B323-4352ABF2130B}.Debug|iPhone.Build.0 = Debug|iPhone
		{F3846D5B-C5D1-4652-B323-4352ABF2130B}.Debug|iPhone.Deploy.0 = Debug|iPhone
		{F3846D5B-C5D1-4652-B323-4352ABF2130B}.Debug|iPhoneSimulator.ActiveCfg = Debug|iPhoneSimulator
		{F3846D5B-C5D1-4652-B323-4352ABF2130B}.Debug|iPhoneSimulator.Build.0 = Debug|iPhoneSimulator
		{F3846D5B-C5D1-4652-B323-4352ABF2130B}.Debug|iPhoneSimulator.Deploy.0 = Debug|iPhoneSimulator
		{F3846D5B-C5D1-4652-B323-4352ABF2130B}.Debug|x64.ActiveCfg = Debug|iPhone
		{F3846D5B-C5D1-4652-B323-4352ABF2130B}.Debug|x64.Build.0 = Debug|iPhone
		{F3846D5B-C5D1-4652-B323-4352ABF2130B}.Debug|x64.Deploy.0 = Debug|iPhone
		{F3846D5B-C5D1-4652-B323-4352ABF2130B}.Debug|x86.ActiveCfg = Debug|iPhone
		{F3846D5B-C5D1-4652-B323-4352ABF2130B}.Debug|x86.Build.0 = Debug|iPhone
		{F3846D5B-C5D1-4652-B323-4352ABF2130B}.Debug|x86.Deploy.0 = Debug|iPhone
		{F3846D5B-C5D1-4652-B323-4352ABF2130B}.Release|Any CPU.ActiveCfg = Release|iPhone
		{F3846D5B-C5D1-4652-B323-4352ABF2130B}.Release|Any CPU.Build.0 = Release|iPhone
		{F3846D5B-C5D1-4652-B323-4352ABF2130B}.Release|Any CPU.Deploy.0 = Release|iPhone
		{F3846D5B-C5D1-4652-B323-4352ABF2130B}.Release|ARM.ActiveCfg = Release|iPhone
		{F3846D5B-C5D1-4652-B323-4352ABF2130B}.Release|ARM.Build.0 = Release|iPhone
		{F3846D5B-C5D1-4652-B323-4352ABF2130B}.Release|ARM.Deploy.0 = Release|iPhone
		{F3846D5B-C5D1-4652-B323-4352ABF2130B}.Release|iPhone.ActiveCfg = Release|iPhone
		{F3846D5B-C5D1-4652-B323-4352ABF2130B}.Release|iPhone.Build.0 = Release|iPhone
		{F3846D5B-C5D1-4652-B323-4352ABF2130B}.Release|iPhone.Deploy.0 = Release|iPhone
		{F3846D5B-C5D1-4652-B323-4352ABF2130B}.Release|iPhoneSimulator.ActiveCfg = Release|iPhoneSimulator
		{F3846D5B-C5D1-4652-B323-4352ABF2130B}.Release|iPhoneSimulator.Build.0 = Release|iPhoneSimulator
		{F3846D5B-C5D1-4652-B323-4352ABF2130B}.Release|iPhoneSimulator.Deploy.0 = Release|iPhoneSimulator
		{F3846D5B-C5D1-4652-B323-4352ABF2130B}.Release|x64.ActiveCfg = Release|iPhone
		{F3846D5B-C5D1-4652-B323-4352ABF2130B}.Release|x64.Build.0 = Release|iPhone
		{F3846D5B-C5D1-4652-B323-4352ABF2130B}.Release|x64.Deploy.0 = Release|iPhone
		{F3846D5B-C5D1-4652-B323-4352ABF2130B}.Release|x86.ActiveCfg = Release|iPhone
		{F3846D5B-C5D1-4652-B323-4352ABF2130B}.Release|x86.Build.0 = Release|iPhone
		{F3846D5B-C5D1-4652-B323-4352ABF2130B}.Release|x86.Deploy.0 = Release|iPhone
		{14CA1356-A16C-4AEC-ACDA-9BF904AA3273}.Ad-Hoc|Any CPU.ActiveCfg = Release|x86
		{14CA1356-A16C-4AEC-ACDA-9BF904AA3273}.Ad-Hoc|Any CPU.Build.0 = Release|x86
		{14CA1356-A16C-4AEC-ACDA-9BF904AA3273}.Ad-Hoc|Any CPU.Deploy.0 = Release|x86
		{14CA1356-A16C-4AEC-ACDA-9BF904AA3273}.Ad-Hoc|ARM.ActiveCfg = Release|ARM
		{14CA1356-A16C-4AEC-ACDA-9BF904AA3273}.Ad-Hoc|ARM.Build.0 = Release|ARM
		{14CA1356-A16C-4AEC-ACDA-9BF904AA3273}.Ad-Hoc|ARM.Deploy.0 = Release|ARM
		{14CA1356-A16C-4AEC-ACDA-9BF904AA3273}.Ad-Hoc|iPhone.ActiveCfg = Release|x86
		{14CA1356-A16C-4AEC-ACDA-9BF904AA3273}.Ad-Hoc|iPhone.Build.0 = Release|x86
		{14CA1356-A16C-4AEC-ACDA-9BF904AA3273}.Ad-Hoc|iPhone.Deploy.0 = Release|x86
		{14CA1356-A16C-4AEC-ACDA-9BF904AA3273}.Ad-Hoc|iPhoneSimulator.ActiveCfg = Release|x86
		{14CA1356-A16C-4AEC-ACDA-9BF904AA3273}.Ad-Hoc|iPhoneSimulator.Build.0 = Release|x86
		{14CA1356-A16C-4AEC-ACDA-9BF904AA3273}.Ad-Hoc|iPhoneSimulator.Deploy.0 = Release|x86
		{14CA1356-A16C-4AEC-ACDA-9BF904AA3273}.Ad-Hoc|x64.ActiveCfg = Release|x64
		{14CA1356-A16C-4AEC-ACDA-9BF904AA3273}.Ad-Hoc|x64.Build.0 = Release|x64
		{14CA1356-A16C-4AEC-ACDA-9BF904AA3273}.Ad-Hoc|x64.Deploy.0 = Release|x64
		{14CA1356-A16C-4AEC-ACDA-9BF904AA3273}.Ad-Hoc|x86.ActiveCfg = Release|x86
		{14CA1356-A16C-4AEC-ACDA-9BF904AA3273}.Ad-Hoc|x86.Build.0 = Release|x86
		{14CA1356-A16C-4AEC-ACDA-9BF904AA3273}.Ad-Hoc|x86.Deploy.0 = Release|x86
		{14CA1356-A16C-4AEC-ACDA-9BF904AA3273}.AppStore|Any CPU.ActiveCfg = Release|x86
		{14CA1356-A16C-4AEC-ACDA-9BF904AA3273}.AppStore|Any CPU.Build.0 = Release|x86
		{14CA1356-A16C-4AEC-ACDA-9BF904AA3273}.AppStore|Any CPU.Deploy.0 = Release|x86
		{14CA1356-A16C-4AEC-ACDA-9BF904AA3273}.AppStore|ARM.ActiveCfg = Release|ARM
		{14CA1356-A16C-4AEC-ACDA-9BF904AA3273}.AppStore|ARM.Build.0 = Release|ARM
		{14CA1356-A16C-4AEC-ACDA-9BF904AA3273}.AppStore|ARM.Deploy.0 = Release|ARM
		{14CA1356-A16C-4AEC-ACDA-9BF904AA3273}.AppStore|iPhone.ActiveCfg = Release|x86
		{14CA1356-A16C-4AEC-ACDA-9BF904AA3273}.AppStore|iPhone.Build.0 = Release|x86
		{14CA1356-A16C-4AEC-ACDA-9BF904AA3273}.AppStore|iPhone.Deploy.0 = Release|x86
		{14CA1356-A16C-4AEC-ACDA-9BF904AA3273}.AppStore|iPhoneSimulator.ActiveCfg = Release|x86
		{14CA1356-A16C-4AEC-ACDA-9BF904AA3273}.AppStore|iPhoneSimulator.Build.0 = Release|x86
		{14CA1356-A16C-4AEC-ACDA-9BF904AA3273}.AppStore|iPhoneSimulator.Deploy.0 = Release|x86
		{14CA1356-A16C-4AEC-ACDA-9BF904AA3273}.AppStore|x64.ActiveCfg = Release|x64
		{14CA1356-A16C-4AEC-ACDA-9BF904AA3273}.AppStore|x64.Build.0 = Release|x64
		{14CA1356-A16C-4AEC-ACDA-9BF904AA3273}.AppStore|x64.Deploy.0 = Release|x64
		{14CA1356-A16C-4AEC-ACDA-9BF904AA3273}.AppStore|x86.ActiveCfg = Release|x86
		{14CA1356-A16C-4AEC-ACDA-9BF904AA3273}.AppStore|x86.Build.0 = Release|x86
		{14CA1356-A16C-4AEC-ACDA-9BF904AA3273}.AppStore|x86.Deploy.0 = Release|x86
		{14CA1356-A16C-4AEC-ACDA-9BF904AA3273}.Debug|Any CPU.ActiveCfg = Debug|x86
		{14CA1356-A16C-4AEC-ACDA-9BF904AA3273}.Debug|Any CPU.Build.0 = Debug|x86
		{14CA1356-A16C-4AEC-ACDA-9BF904AA3273}.Debug|Any CPU.Deploy.0 = Debug|x86
		{14CA1356-A16C-4AEC-ACDA-9BF904AA3273}.Debug|ARM.ActiveCfg = Debug|ARM
		{14CA1356-A16C-4AEC-ACDA-9BF904AA3273}.Debug|ARM.Build.0 = Debug|ARM
		{14CA1356-A16C-4AEC-ACDA-9BF904AA3273}.Debug|ARM.Deploy.0 = Debug|ARM
		{14CA1356-A16C-4AEC-ACDA-9BF904AA3273}.Debug|iPhone.ActiveCfg = Debug|x86
		{14CA1356-A16C-4AEC-ACDA-9BF904AA3273}.Debug|iPhone.Build.0 = Debug|x86
		{14CA1356-A16C-4AEC-ACDA-9BF904AA3273}.Debug|iPhone.Deploy.0 = Debug|x86
		{14CA1356-A16C-4AEC-ACDA-9BF904AA3273}.Debug|iPhoneSimulator.ActiveCfg = Debug|x86
		{14CA1356-A16C-4AEC-ACDA-9BF904AA3273}.Debug|iPhoneSimulator.Build.0 = Debug|x86
		{14CA1356-A16C-4AEC-ACDA-9BF904AA3273}.Debug|iPhoneSimulator.Deploy.0 = Debug|x86
		{14CA1356-A16C-4AEC-ACDA-9BF904AA3273}.Debug|x64.ActiveCfg = Debug|x64
		{14CA1356-A16C-4AEC-ACDA-9BF904AA3273}.Debug|x64.Build.0 = Debug|x64
		{14CA1356-A16C-4AEC-ACDA-9BF904AA3273}.Debug|x64.Deploy.0 = Debug|x64
		{14CA1356-A16C-4AEC-ACDA-9BF904AA3273}.Debug|x86.ActiveCfg = Debug|x86
		{14CA1356-A16C-4AEC-ACDA-9BF904AA3273}.Debug|x86.Build.0 = Debug|x86
		{14CA1356-A16C-4AEC-ACDA-9BF904AA3273}.Debug|x86.Deploy.0 = Debug|x86
		{14CA1356-A16C-4AEC-ACDA-9BF904AA3273}.Release|Any CPU.ActiveCfg = Release|x86
		{14CA1356-A16C-4AEC-ACDA-9BF904AA3273}.Release|Any CPU.Build.0 = Release|x86
		{14CA1356-A16C-4AEC-ACDA-9BF904AA3273}.Release|Any CPU.Deploy.0 = Release|x86
		{14CA1356-A16C-4AEC-ACDA-9BF904AA3273}.Release|ARM.ActiveCfg = Release|ARM
		{14CA1356-A16C-4AEC-ACDA-9BF904AA3273}.Release|ARM.Build.0 = Release|ARM
		{14CA1356-A16C-4AEC-ACDA-9BF904AA3273}.Release|ARM.Deploy.0 = Release|ARM
		{14CA1356-A16C-4AEC-ACDA-9BF904AA3273}.Release|iPhone.ActiveCfg = Release|x86
		{14CA1356-A16C-4AEC-ACDA-9BF904AA3273}.Release|iPhone.Build.0 = Release|x86
		{14CA1356-A16C-4AEC-ACDA-9BF904AA3273}.Release|iPhone.Deploy.0 = Release|x86
		{14CA1356-A16C-4AEC-ACDA-9BF904AA3273}.Release|iPhoneSimulator.ActiveCfg = Release|x86
		{14CA1356-A16C-4AEC-ACDA-9BF904AA3273}.Release|iPhoneSimulator.Build.0 = Release|x86
		{14CA1356-A16C-4AEC-ACDA-9BF904AA3273}.Release|iPhoneSimulator.Deploy.0 = Release|x86
		{14CA1356-A16C-4AEC-ACDA-9BF904AA3273}.Release|x64.ActiveCfg = Release|x64
		{14CA1356-A16C-4AEC-ACDA-9BF904AA3273}.Release|x64.Build.0 = Release|x64
		{14CA1356-A16C-4AEC-ACDA-9BF904AA3273}.Release|x64.Deploy.0 = Release|x64
		{14CA1356-A16C-4AEC-ACDA-9BF904AA3273}.Release|x86.ActiveCfg = Release|x86
		{14CA1356-A16C-4AEC-ACDA-9BF904AA3273}.Release|x86.Build.0 = Release|x86
		{14CA1356-A16C-4AEC-ACDA-9BF904AA3273}.Release|x86.Deploy.0 = Release|x86
		{162435A4-FB43-4CF8-90A6-D17E78EFF2EF}.Ad-Hoc|Any CPU.ActiveCfg = Debug|Any CPU
		{162435A4-FB43-4CF8-90A6-D17E78EFF2EF}.Ad-Hoc|Any CPU.Build.0 = Debug|Any CPU
		{162435A4-FB43-4CF8-90A6-D17E78EFF2EF}.Ad-Hoc|Any CPU.Deploy.0 = Debug|Any CPU
		{162435A4-FB43-4CF8-90A6-D17E78EFF2EF}.Ad-Hoc|ARM.ActiveCfg = Debug|Any CPU
		{162435A4-FB43-4CF8-90A6-D17E78EFF2EF}.Ad-Hoc|ARM.Build.0 = Debug|Any CPU
		{162435A4-FB43-4CF8-90A6-D17E78EFF2EF}.Ad-Hoc|ARM.Deploy.0 = Debug|Any CPU
		{162435A4-FB43-4CF8-90A6-D17E78EFF2EF}.Ad-Hoc|iPhone.ActiveCfg = Debug|Any CPU
		{162435A4-FB43-4CF8-90A6-D17E78EFF2EF}.Ad-Hoc|iPhone.Build.0 = Debug|Any CPU
		{162435A4-FB43-4CF8-90A6-D17E78EFF2EF}.Ad-Hoc|iPhone.Deploy.0 = Debug|Any CPU
		{162435A4-FB43-4CF8-90A6-D17E78EFF2EF}.Ad-Hoc|iPhoneSimulator.ActiveCfg = Debug|Any CPU
		{162435A4-FB43-4CF8-90A6-D17E78EFF2EF}.Ad-Hoc|iPhoneSimulator.Build.0 = Debug|Any CPU
		{162435A4-FB43-4CF8-90A6-D17E78EFF2EF}.Ad-Hoc|iPhoneSimulator.Deploy.0 = Debug|Any CPU
		{162435A4-FB43-4CF8-90A6-D17E78EFF2EF}.Ad-Hoc|x64.ActiveCfg = Debug|Any CPU
		{162435A4-FB43-4CF8-90A6-D17E78EFF2EF}.Ad-Hoc|x64.Build.0 = Debug|Any CPU
		{162435A4-FB43-4CF8-90A6-D17E78EFF2EF}.Ad-Hoc|x64.Deploy.0 = Debug|Any CPU
		{162435A4-FB43-4CF8-90A6-D17E78EFF2EF}.Ad-Hoc|x86.ActiveCfg = Debug|Any CPU
		{162435A4-FB43-4CF8-90A6-D17E78EFF2EF}.Ad-Hoc|x86.Build.0 = Debug|Any CPU
		{162435A4-FB43-4CF8-90A6-D17E78EFF2EF}.Ad-Hoc|x86.Deploy.0 = Debug|Any CPU
		{162435A4-FB43-4CF8-90A6-D17E78EFF2EF}.AppStore|Any CPU.ActiveCfg = Debug|Any CPU
		{162435A4-FB43-4CF8-90A6-D17E78EFF2EF}.AppStore|Any CPU.Build.0 = Debug|Any CPU
		{162435A4-FB43-4CF8-90A6-D17E78EFF2EF}.AppStore|Any CPU.Deploy.0 = Debug|Any CPU
		{162435A4-FB43-4CF8-90A6-D17E78EFF2EF}.AppStore|ARM.ActiveCfg = Debug|Any CPU
		{162435A4-FB43-4CF8-90A6-D17E78EFF2EF}.AppStore|ARM.Build.0 = Debug|Any CPU
		{162435A4-FB43-4CF8-90A6-D17E78EFF2EF}.AppStore|ARM.Deploy.0 = Debug|Any CPU
		{162435A4-FB43-4CF8-90A6-D17E78EFF2EF}.AppStore|iPhone.ActiveCfg = Debug|Any CPU
		{162435A4-FB43-4CF8-90A6-D17E78EFF2EF}.AppStore|iPhone.Build.0 = Debug|Any CPU
		{162435A4-FB43-4CF8-90A6-D17E78EFF2EF}.AppStore|iPhone.Deploy.0 = Debug|Any CPU
		{162435A4-FB43-4CF8-90A6-D17E78EFF2EF}.AppStore|iPhoneSimulator.ActiveCfg = Debug|Any CPU
		{162435A4-FB43-4CF8-90A6-D17E78EFF2EF}.AppStore|iPhoneSimulator.Build.0 = Debug|Any CPU
		{162435A4-FB43-4CF8-90A6-D17E78EFF2EF}.AppStore|iPhoneSimulator.Deploy.0 = Debug|Any CPU
		{162435A4-FB43-4CF8-90A6-D17E78EFF2EF}.AppStore|x64.ActiveCfg = Debug|Any CPU
		{162435A4-FB43-4CF8-90A6-D17E78EFF2EF}.AppStore|x64.Build.0 = Debug|Any CPU
		{162435A4-FB43-4CF8-90A6-D17E78EFF2EF}.AppStore|x64.Deploy.0 = Debug|Any CPU
		{162435A4-FB43-4CF8-90A6-D17E78EFF2EF}.AppStore|x86.ActiveCfg = Debug|Any CPU
		{162435A4-FB43-4CF8-90A6-D17E78EFF2EF}.AppStore|x86.Build.0 = Debug|Any CPU
		{162435A4-FB43-4CF8-90A6-D17E78EFF2EF}.AppStore|x86.Deploy.0 = Debug|Any CPU
		{162435A4-FB43-4CF8-90A6-D17E78EFF2EF}.Debug|Any CPU.ActiveCfg = Debug|Any CPU
		{162435A4-FB43-4CF8-90A6-D17E78EFF2EF}.Debug|Any CPU.Build.0 = Debug|Any CPU
		{162435A4-FB43-4CF8-90A6-D17E78EFF2EF}.Debug|Any CPU.Deploy.0 = Debug|Any CPU
		{162435A4-FB43-4CF8-90A6-D17E78EFF2EF}.Debug|ARM.ActiveCfg = Debug|Any CPU
		{162435A4-FB43-4CF8-90A6-D17E78EFF2EF}.Debug|ARM.Build.0 = Debug|Any CPU
		{162435A4-FB43-4CF8-90A6-D17E78EFF2EF}.Debug|ARM.Deploy.0 = Debug|Any CPU
		{162435A4-FB43-4CF8-90A6-D17E78EFF2EF}.Debug|iPhone.ActiveCfg = Debug|Any CPU
		{162435A4-FB43-4CF8-90A6-D17E78EFF2EF}.Debug|iPhone.Build.0 = Debug|Any CPU
		{162435A4-FB43-4CF8-90A6-D17E78EFF2EF}.Debug|iPhone.Deploy.0 = Debug|Any CPU
		{162435A4-FB43-4CF8-90A6-D17E78EFF2EF}.Debug|iPhoneSimulator.ActiveCfg = Debug|Any CPU
		{162435A4-FB43-4CF8-90A6-D17E78EFF2EF}.Debug|iPhoneSimulator.Build.0 = Debug|Any CPU
		{162435A4-FB43-4CF8-90A6-D17E78EFF2EF}.Debug|iPhoneSimulator.Deploy.0 = Debug|Any CPU
		{162435A4-FB43-4CF8-90A6-D17E78EFF2EF}.Debug|x64.ActiveCfg = Debug|Any CPU
		{162435A4-FB43-4CF8-90A6-D17E78EFF2EF}.Debug|x64.Build.0 = Debug|Any CPU
		{162435A4-FB43-4CF8-90A6-D17E78EFF2EF}.Debug|x64.Deploy.0 = Debug|Any CPU
		{162435A4-FB43-4CF8-90A6-D17E78EFF2EF}.Debug|x86.ActiveCfg = Debug|Any CPU
		{162435A4-FB43-4CF8-90A6-D17E78EFF2EF}.Debug|x86.Build.0 = Debug|Any CPU
		{162435A4-FB43-4CF8-90A6-D17E78EFF2EF}.Debug|x86.Deploy.0 = Debug|Any CPU
		{162435A4-FB43-4CF8-90A6-D17E78EFF2EF}.Release|Any CPU.ActiveCfg = Release|Any CPU
		{162435A4-FB43-4CF8-90A6-D17E78EFF2EF}.Release|Any CPU.Build.0 = Release|Any CPU
		{162435A4-FB43-4CF8-90A6-D17E78EFF2EF}.Release|Any CPU.Deploy.0 = Release|Any CPU
		{162435A4-FB43-4CF8-90A6-D17E78EFF2EF}.Release|ARM.ActiveCfg = Release|Any CPU
		{162435A4-FB43-4CF8-90A6-D17E78EFF2EF}.Release|ARM.Build.0 = Release|Any CPU
		{162435A4-FB43-4CF8-90A6-D17E78EFF2EF}.Release|ARM.Deploy.0 = Release|Any CPU
		{162435A4-FB43-4CF8-90A6-D17E78EFF2EF}.Release|iPhone.ActiveCfg = Release|Any CPU
		{162435A4-FB43-4CF8-90A6-D17E78EFF2EF}.Release|iPhone.Build.0 = Release|Any CPU
		{162435A4-FB43-4CF8-90A6-D17E78EFF2EF}.Release|iPhone.Deploy.0 = Release|Any CPU
		{162435A4-FB43-4CF8-90A6-D17E78EFF2EF}.Release|iPhoneSimulator.ActiveCfg = Release|Any CPU
		{162435A4-FB43-4CF8-90A6-D17E78EFF2EF}.Release|iPhoneSimulator.Build.0 = Release|Any CPU
		{162435A4-FB43-4CF8-90A6-D17E78EFF2EF}.Release|iPhoneSimulator.Deploy.0 = Release|Any CPU
		{162435A4-FB43-4CF8-90A6-D17E78EFF2EF}.Release|x64.ActiveCfg = Release|Any CPU
		{162435A4-FB43-4CF8-90A6-D17E78EFF2EF}.Release|x64.Build.0 = Release|Any CPU
		{162435A4-FB43-4CF8-90A6-D17E78EFF2EF}.Release|x64.Deploy.0 = Release|Any CPU
		{162435A4-FB43-4CF8-90A6-D17E78EFF2EF}.Release|x86.ActiveCfg = Release|Any CPU
		{162435A4-FB43-4CF8-90A6-D17E78EFF2EF}.Release|x86.Build.0 = Release|Any CPU
		{162435A4-FB43-4CF8-90A6-D17E78EFF2EF}.Release|x86.Deploy.0 = Release|Any CPU
	EndGlobalSection
	GlobalSection(SolutionProperties) = preSolution
		HideSolutionNode = FALSE
	EndGlobalSection
	GlobalSection(ExtensibilityGlobals) = postSolution
		SolutionGuid = {6323E73B-3C78-49C2-8739-B4F2C19302AE}
	EndGlobalSection
EndGlobal
